// !$*UTF8*$!
{
	archiveVersion = 1;
	classes = {
	};
	objectVersion = 56;
	objects = {

/* Begin PBXBuildFile section */
		31472B662B8D28C80068D848 /* Amount.swift in Sources */ = {isa = PBXBuildFile; fileRef = 31472B652B8D28C80068D848 /* Amount.swift */; };
		31472B682B8D294B0068D848 /* SumOfAward.swift in Sources */ = {isa = PBXBuildFile; fileRef = 31472B672B8D294B0068D848 /* SumOfAward.swift */; };
		31472B6A2B8D457F0068D848 /* CustomAwardCell.swift in Sources */ = {isa = PBXBuildFile; fileRef = 31472B692B8D457F0068D848 /* CustomAwardCell.swift */; };
		83361EBF2B8D0D530089B169 /* MError.swift in Sources */ = {isa = PBXBuildFile; fileRef = 83361EBE2B8D0D530089B169 /* MError.swift */; };
		83361EC22B8D0D630089B169 /* String+Ext.swift in Sources */ = {isa = PBXBuildFile; fileRef = 83361EC12B8D0D630089B169 /* String+Ext.swift */; };
		83361EC62B8D0D770089B169 /* Question.swift in Sources */ = {isa = PBXBuildFile; fileRef = 83361EC42B8D0D770089B169 /* Question.swift */; };
		83361EC72B8D0D770089B169 /* Content.swift in Sources */ = {isa = PBXBuildFile; fileRef = 83361EC52B8D0D770089B169 /* Content.swift */; };
		83361ECA2B8D0D810089B169 /* NetworkManager.swift in Sources */ = {isa = PBXBuildFile; fileRef = 83361EC92B8D0D810089B169 /* NetworkManager.swift */; };
		83361ED22B8FC9430089B169 /* CustomAnswersButton.swift in Sources */ = {isa = PBXBuildFile; fileRef = 83361ED12B8FC9430089B169 /* CustomAnswersButton.swift */; };
		83361ED42B8FCA4D0089B169 /* UIViewController+Ext.swift in Sources */ = {isa = PBXBuildFile; fileRef = 83361ED32B8FCA4D0089B169 /* UIViewController+Ext.swift */; };
		83361EDC2B8FD0A00089B169 /* CustomButton.swift in Sources */ = {isa = PBXBuildFile; fileRef = 83361EDB2B8FD0A00089B169 /* CustomButton.swift */; };
		939492C92B8B6DE30019C9E5 /* AppDelegate.swift in Sources */ = {isa = PBXBuildFile; fileRef = 939492C82B8B6DE30019C9E5 /* AppDelegate.swift */; };
		939492CB2B8B6DE30019C9E5 /* SceneDelegate.swift in Sources */ = {isa = PBXBuildFile; fileRef = 939492CA2B8B6DE30019C9E5 /* SceneDelegate.swift */; };
		939492CD2B8B6DE30019C9E5 /* MainViewController.swift in Sources */ = {isa = PBXBuildFile; fileRef = 939492CC2B8B6DE30019C9E5 /* MainViewController.swift */; };
		939492D22B8B6DE70019C9E5 /* Assets.xcassets in Resources */ = {isa = PBXBuildFile; fileRef = 939492D12B8B6DE70019C9E5 /* Assets.xcassets */; };
		939492D52B8B6DE70019C9E5 /* LaunchScreen.storyboard in Resources */ = {isa = PBXBuildFile; fileRef = 939492D32B8B6DE70019C9E5 /* LaunchScreen.storyboard */; };
		939492E62B8BB62A0019C9E5 /* startApp.mp3 in Resources */ = {isa = PBXBuildFile; fileRef = 939492DF2B8BB62A0019C9E5 /* startApp.mp3 */; };
		939492E72B8BB62A0019C9E5 /* waitForInspection.mp3 in Resources */ = {isa = PBXBuildFile; fileRef = 939492E02B8BB62A0019C9E5 /* waitForInspection.mp3 */; };
		939492E82B8BB62A0019C9E5 /* tachMoney.mp3 in Resources */ = {isa = PBXBuildFile; fileRef = 939492E12B8BB62A0019C9E5 /* tachMoney.mp3 */; };
		939492E92B8BB62A0019C9E5 /* correctAnswer.mp3 in Resources */ = {isa = PBXBuildFile; fileRef = 939492E22B8BB62A0019C9E5 /* correctAnswer.mp3 */; };
		939492EA2B8BB62A0019C9E5 /* wrongAnswer.mp3 in Resources */ = {isa = PBXBuildFile; fileRef = 939492E32B8BB62A0019C9E5 /* wrongAnswer.mp3 */; };
		939492EB2B8BB62A0019C9E5 /* waitForResponse.mp3 in Resources */ = {isa = PBXBuildFile; fileRef = 939492E42B8BB62A0019C9E5 /* waitForResponse.mp3 */; };
		939492EC2B8BB62A0019C9E5 /* victoryMillion.mp3 in Resources */ = {isa = PBXBuildFile; fileRef = 939492E52B8BB62A0019C9E5 /* victoryMillion.mp3 */; };
		939492EE2B8BC6A10019C9E5 /* RulesViewController.swift in Sources */ = {isa = PBXBuildFile; fileRef = 939492ED2B8BC6A10019C9E5 /* RulesViewController.swift */; };
		939492F02B8BC6B20019C9E5 /* GameViewController.swift in Sources */ = {isa = PBXBuildFile; fileRef = 939492EF2B8BC6B20019C9E5 /* GameViewController.swift */; };
		939492F22B8BC7030019C9E5 /* AmountViewController.swift in Sources */ = {isa = PBXBuildFile; fileRef = 939492F12B8BC7030019C9E5 /* AmountViewController.swift */; };
		939492F52B8BC7490019C9E5 /* ResultViewController.swift in Sources */ = {isa = PBXBuildFile; fileRef = 939492F42B8BC7490019C9E5 /* ResultViewController.swift */; };
		B60D80E72B8D96F300236CC6 /* UIcolor + Hex.swift in Sources */ = {isa = PBXBuildFile; fileRef = B60D80E62B8D96F300236CC6 /* UIcolor + Hex.swift */; };
		B60D80ED2B8DC3C000236CC6 /* UIKit + Extensions.swift in Sources */ = {isa = PBXBuildFile; fileRef = B60D80EC2B8DC3C000236CC6 /* UIKit + Extensions.swift */; };
		B68B17212B8F810D009FB5F0 /* SoundManager.swift in Sources */ = {isa = PBXBuildFile; fileRef = B68B17202B8F810D009FB5F0 /* SoundManager.swift */; };
		B690CCA42B944AD700FAF4E2 /* FriendCallingViewController.swift in Sources */ = {isa = PBXBuildFile; fileRef = B690CCA32B944AD700FAF4E2 /* FriendCallingViewController.swift */; };
		B6B10AE02B8CB01900CB3F23 /* SnapKit in Frameworks */ = {isa = PBXBuildFile; productRef = B6B10ADF2B8CB01900CB3F23 /* SnapKit */; };
/* End PBXBuildFile section */

/* Begin PBXFileReference section */
		31472B652B8D28C80068D848 /* Amount.swift */ = {isa = PBXFileReference; lastKnownFileType = sourcecode.swift; path = Amount.swift; sourceTree = "<group>"; };
		31472B672B8D294B0068D848 /* SumOfAward.swift */ = {isa = PBXFileReference; lastKnownFileType = sourcecode.swift; path = SumOfAward.swift; sourceTree = "<group>"; };
		31472B692B8D457F0068D848 /* CustomAwardCell.swift */ = {isa = PBXFileReference; lastKnownFileType = sourcecode.swift; path = CustomAwardCell.swift; sourceTree = "<group>"; };
		83361EBE2B8D0D530089B169 /* MError.swift */ = {isa = PBXFileReference; fileEncoding = 4; lastKnownFileType = sourcecode.swift; path = MError.swift; sourceTree = "<group>"; };
		83361EC12B8D0D630089B169 /* String+Ext.swift */ = {isa = PBXFileReference; fileEncoding = 4; lastKnownFileType = sourcecode.swift; path = "String+Ext.swift"; sourceTree = "<group>"; };
		83361EC42B8D0D770089B169 /* Question.swift */ = {isa = PBXFileReference; fileEncoding = 4; lastKnownFileType = sourcecode.swift; path = Question.swift; sourceTree = "<group>"; };
		83361EC52B8D0D770089B169 /* Content.swift */ = {isa = PBXFileReference; fileEncoding = 4; lastKnownFileType = sourcecode.swift; path = Content.swift; sourceTree = "<group>"; };
		83361EC92B8D0D810089B169 /* NetworkManager.swift */ = {isa = PBXFileReference; fileEncoding = 4; lastKnownFileType = sourcecode.swift; path = NetworkManager.swift; sourceTree = "<group>"; };
		83361ED12B8FC9430089B169 /* CustomAnswersButton.swift */ = {isa = PBXFileReference; lastKnownFileType = sourcecode.swift; name = CustomAnswersButton.swift; path = Millionaire/Extensions/CustomAnswersButton.swift; sourceTree = SOURCE_ROOT; };
		83361ED32B8FCA4D0089B169 /* UIViewController+Ext.swift */ = {isa = PBXFileReference; lastKnownFileType = sourcecode.swift; path = "UIViewController+Ext.swift"; sourceTree = "<group>"; };
		83361EDB2B8FD0A00089B169 /* CustomButton.swift */ = {isa = PBXFileReference; lastKnownFileType = sourcecode.swift; path = CustomButton.swift; sourceTree = "<group>"; };
		939492C52B8B6DE30019C9E5 /* Millionaire.app */ = {isa = PBXFileReference; explicitFileType = wrapper.application; includeInIndex = 0; path = Millionaire.app; sourceTree = BUILT_PRODUCTS_DIR; };
		939492C82B8B6DE30019C9E5 /* AppDelegate.swift */ = {isa = PBXFileReference; lastKnownFileType = sourcecode.swift; path = AppDelegate.swift; sourceTree = "<group>"; };
		939492CA2B8B6DE30019C9E5 /* SceneDelegate.swift */ = {isa = PBXFileReference; lastKnownFileType = sourcecode.swift; path = SceneDelegate.swift; sourceTree = "<group>"; };
		939492CC2B8B6DE30019C9E5 /* MainViewController.swift */ = {isa = PBXFileReference; lastKnownFileType = sourcecode.swift; path = MainViewController.swift; sourceTree = "<group>"; };
		939492D12B8B6DE70019C9E5 /* Assets.xcassets */ = {isa = PBXFileReference; lastKnownFileType = folder.assetcatalog; path = Assets.xcassets; sourceTree = "<group>"; };
		939492D42B8B6DE70019C9E5 /* Base */ = {isa = PBXFileReference; lastKnownFileType = file.storyboard; name = Base; path = Base.lproj/LaunchScreen.storyboard; sourceTree = "<group>"; };
		939492D62B8B6DE70019C9E5 /* Info.plist */ = {isa = PBXFileReference; lastKnownFileType = text.plist.xml; path = Info.plist; sourceTree = "<group>"; };
		939492DF2B8BB62A0019C9E5 /* startApp.mp3 */ = {isa = PBXFileReference; lastKnownFileType = audio.mp3; path = startApp.mp3; sourceTree = "<group>"; };
		939492E02B8BB62A0019C9E5 /* waitForInspection.mp3 */ = {isa = PBXFileReference; lastKnownFileType = audio.mp3; path = waitForInspection.mp3; sourceTree = "<group>"; };
		939492E12B8BB62A0019C9E5 /* tachMoney.mp3 */ = {isa = PBXFileReference; lastKnownFileType = audio.mp3; path = tachMoney.mp3; sourceTree = "<group>"; };
		939492E22B8BB62A0019C9E5 /* correctAnswer.mp3 */ = {isa = PBXFileReference; lastKnownFileType = audio.mp3; path = correctAnswer.mp3; sourceTree = "<group>"; };
		939492E32B8BB62A0019C9E5 /* wrongAnswer.mp3 */ = {isa = PBXFileReference; lastKnownFileType = audio.mp3; path = wrongAnswer.mp3; sourceTree = "<group>"; };
		939492E42B8BB62A0019C9E5 /* waitForResponse.mp3 */ = {isa = PBXFileReference; lastKnownFileType = audio.mp3; path = waitForResponse.mp3; sourceTree = "<group>"; };
		939492E52B8BB62A0019C9E5 /* victoryMillion.mp3 */ = {isa = PBXFileReference; lastKnownFileType = audio.mp3; path = victoryMillion.mp3; sourceTree = "<group>"; };
		939492ED2B8BC6A10019C9E5 /* RulesViewController.swift */ = {isa = PBXFileReference; lastKnownFileType = sourcecode.swift; path = RulesViewController.swift; sourceTree = "<group>"; };
		939492EF2B8BC6B20019C9E5 /* GameViewController.swift */ = {isa = PBXFileReference; lastKnownFileType = sourcecode.swift; path = GameViewController.swift; sourceTree = "<group>"; };
		939492F12B8BC7030019C9E5 /* AmountViewController.swift */ = {isa = PBXFileReference; lastKnownFileType = sourcecode.swift; path = AmountViewController.swift; sourceTree = "<group>"; };
		939492F42B8BC7490019C9E5 /* ResultViewController.swift */ = {isa = PBXFileReference; lastKnownFileType = sourcecode.swift; path = ResultViewController.swift; sourceTree = "<group>"; };
		B60D80E62B8D96F300236CC6 /* UIcolor + Hex.swift */ = {isa = PBXFileReference; fileEncoding = 4; lastKnownFileType = sourcecode.swift; path = "UIcolor + Hex.swift"; sourceTree = "<group>"; };
		B60D80EC2B8DC3C000236CC6 /* UIKit + Extensions.swift */ = {isa = PBXFileReference; lastKnownFileType = sourcecode.swift; path = "UIKit + Extensions.swift"; sourceTree = "<group>"; };
		B68B17202B8F810D009FB5F0 /* SoundManager.swift */ = {isa = PBXFileReference; lastKnownFileType = sourcecode.swift; path = SoundManager.swift; sourceTree = "<group>"; };
		B690CCA32B944AD700FAF4E2 /* FriendCallingViewController.swift */ = {isa = PBXFileReference; lastKnownFileType = sourcecode.swift; path = FriendCallingViewController.swift; sourceTree = "<group>"; };
/* End PBXFileReference section */

/* Begin PBXFrameworksBuildPhase section */
		939492C22B8B6DE30019C9E5 /* Frameworks */ = {
			isa = PBXFrameworksBuildPhase;
			buildActionMask = 2147483647;
			files = (
				B6B10AE02B8CB01900CB3F23 /* SnapKit in Frameworks */,
			);
			runOnlyForDeploymentPostprocessing = 0;
		};
/* End PBXFrameworksBuildPhase section */

/* Begin PBXGroup section */
		31472B6B2B8D45850068D848 /* CustomViews */ = {
			isa = PBXGroup;
			children = (
				31472B692B8D457F0068D848 /* CustomAwardCell.swift */,
				83361ED12B8FC9430089B169 /* CustomAnswersButton.swift */,
				83361EDB2B8FD0A00089B169 /* CustomButton.swift */,
				B690CCA32B944AD700FAF4E2 /* FriendCallingViewController.swift */,
			);
			path = CustomViews;
			sourceTree = "<group>";
		};
		83361EBD2B8D0D530089B169 /* Utilities */ = {
			isa = PBXGroup;
			children = (
				83361EBE2B8D0D530089B169 /* MError.swift */,
			);
			path = Utilities;
			sourceTree = "<group>";
		};
		83361EC02B8D0D630089B169 /* Extensions */ = {
			isa = PBXGroup;
			children = (
				83361EC12B8D0D630089B169 /* String+Ext.swift */,
				B60D80E62B8D96F300236CC6 /* UIcolor + Hex.swift */,
				B60D80EC2B8DC3C000236CC6 /* UIKit + Extensions.swift */,
				83361ED32B8FCA4D0089B169 /* UIViewController+Ext.swift */,
			);
			path = Extensions;
			sourceTree = "<group>";
		};
		83361EC32B8D0D770089B169 /* API Model */ = {
			isa = PBXGroup;
			children = (
				83361EC42B8D0D770089B169 /* Question.swift */,
				83361EC52B8D0D770089B169 /* Content.swift */,
				31472B652B8D28C80068D848 /* Amount.swift */,
				31472B672B8D294B0068D848 /* SumOfAward.swift */,
			);
			path = "API Model";
			sourceTree = "<group>";
		};
		83361EC82B8D0D810089B169 /* Managers */ = {
			isa = PBXGroup;
			children = (
				83361EC92B8D0D810089B169 /* NetworkManager.swift */,
				B68B17202B8F810D009FB5F0 /* SoundManager.swift */,
			);
			path = Managers;
			sourceTree = "<group>";
		};
		939492BC2B8B6DE30019C9E5 = {
			isa = PBXGroup;
			children = (
				939492C72B8B6DE30019C9E5 /* Millionaire */,
				939492C62B8B6DE30019C9E5 /* Products */,
			);
			sourceTree = "<group>";
		};
		939492C62B8B6DE30019C9E5 /* Products */ = {
			isa = PBXGroup;
			children = (
				939492C52B8B6DE30019C9E5 /* Millionaire.app */,
			);
			name = Products;
			sourceTree = "<group>";
		};
		939492C72B8B6DE30019C9E5 /* Millionaire */ = {
			isa = PBXGroup;
			children = (
				83361EBD2B8D0D530089B169 /* Utilities */,
				83361EC02B8D0D630089B169 /* Extensions */,
				83361EC32B8D0D770089B169 /* API Model */,
				83361EC82B8D0D810089B169 /* Managers */,
				939492F62B8BC7800019C9E5 /* App */,
				31472B6B2B8D45850068D848 /* CustomViews */,
				939492F32B8BC70F0019C9E5 /* ViewControllers */,
				939492F72B8BC7960019C9E5 /* Resources */,
				939492D62B8B6DE70019C9E5 /* Info.plist */,
			);
			path = Millionaire;
			sourceTree = "<group>";
		};
		939492DE2B8BB62A0019C9E5 /* Sound */ = {
			isa = PBXGroup;
			children = (
				939492DF2B8BB62A0019C9E5 /* startApp.mp3 */,
				939492E02B8BB62A0019C9E5 /* waitForInspection.mp3 */,
				939492E12B8BB62A0019C9E5 /* tachMoney.mp3 */,
				939492E22B8BB62A0019C9E5 /* correctAnswer.mp3 */,
				939492E32B8BB62A0019C9E5 /* wrongAnswer.mp3 */,
				939492E42B8BB62A0019C9E5 /* waitForResponse.mp3 */,
				939492E52B8BB62A0019C9E5 /* victoryMillion.mp3 */,
			);
			path = Sound;
			sourceTree = "<group>";
		};
		939492F32B8BC70F0019C9E5 /* ViewControllers */ = {
			isa = PBXGroup;
			children = (
				939492CC2B8B6DE30019C9E5 /* MainViewController.swift */,
				939492ED2B8BC6A10019C9E5 /* RulesViewController.swift */,
				939492EF2B8BC6B20019C9E5 /* GameViewController.swift */,
				939492F12B8BC7030019C9E5 /* AmountViewController.swift */,
				939492F42B8BC7490019C9E5 /* ResultViewController.swift */,
			);
			path = ViewControllers;
			sourceTree = "<group>";
		};
		939492F62B8BC7800019C9E5 /* App */ = {
			isa = PBXGroup;
			children = (
				939492C82B8B6DE30019C9E5 /* AppDelegate.swift */,
				939492CA2B8B6DE30019C9E5 /* SceneDelegate.swift */,
				939492D32B8B6DE70019C9E5 /* LaunchScreen.storyboard */,
			);
			path = App;
			sourceTree = "<group>";
		};
		939492F72B8BC7960019C9E5 /* Resources */ = {
			isa = PBXGroup;
			children = (
				939492D12B8B6DE70019C9E5 /* Assets.xcassets */,
				939492DE2B8BB62A0019C9E5 /* Sound */,
			);
			path = Resources;
			sourceTree = "<group>";
		};
/* End PBXGroup section */

/* Begin PBXNativeTarget section */
		939492C42B8B6DE30019C9E5 /* Millionaire */ = {
			isa = PBXNativeTarget;
			buildConfigurationList = 939492D92B8B6DE70019C9E5 /* Build configuration list for PBXNativeTarget "Millionaire" */;
			buildPhases = (
				939492C12B8B6DE30019C9E5 /* Sources */,
				939492C22B8B6DE30019C9E5 /* Frameworks */,
				939492C32B8B6DE30019C9E5 /* Resources */,
			);
			buildRules = (
			);
			dependencies = (
			);
			name = Millionaire;
			packageProductDependencies = (
				B6B10ADF2B8CB01900CB3F23 /* SnapKit */,
			);
			productName = Millionaire;
			productReference = 939492C52B8B6DE30019C9E5 /* Millionaire.app */;
			productType = "com.apple.product-type.application";
		};
/* End PBXNativeTarget section */

/* Begin PBXProject section */
		939492BD2B8B6DE30019C9E5 /* Project object */ = {
			isa = PBXProject;
			attributes = {
				BuildIndependentTargetsInParallel = 1;
				LastSwiftUpdateCheck = 1520;
				LastUpgradeCheck = 1520;
				TargetAttributes = {
					939492C42B8B6DE30019C9E5 = {
						CreatedOnToolsVersion = 15.2;
					};
				};
			};
			buildConfigurationList = 939492C02B8B6DE30019C9E5 /* Build configuration list for PBXProject "Millionaire" */;
			compatibilityVersion = "Xcode 14.0";
			developmentRegion = en;
			hasScannedForEncodings = 0;
			knownRegions = (
				en,
				Base,
			);
			mainGroup = 939492BC2B8B6DE30019C9E5;
			packageReferences = (
				B6B10ADE2B8CB01900CB3F23 /* XCRemoteSwiftPackageReference "SnapKit" */,
			);
			productRefGroup = 939492C62B8B6DE30019C9E5 /* Products */;
			projectDirPath = "";
			projectRoot = "";
			targets = (
				939492C42B8B6DE30019C9E5 /* Millionaire */,
			);
		};
/* End PBXProject section */

/* Begin PBXResourcesBuildPhase section */
		939492C32B8B6DE30019C9E5 /* Resources */ = {
			isa = PBXResourcesBuildPhase;
			buildActionMask = 2147483647;
			files = (
				939492E82B8BB62A0019C9E5 /* tachMoney.mp3 in Resources */,
				939492EA2B8BB62A0019C9E5 /* wrongAnswer.mp3 in Resources */,
				939492EC2B8BB62A0019C9E5 /* victoryMillion.mp3 in Resources */,
				939492E92B8BB62A0019C9E5 /* correctAnswer.mp3 in Resources */,
				939492E62B8BB62A0019C9E5 /* startApp.mp3 in Resources */,
				939492EB2B8BB62A0019C9E5 /* waitForResponse.mp3 in Resources */,
				939492D52B8B6DE70019C9E5 /* LaunchScreen.storyboard in Resources */,
				939492D22B8B6DE70019C9E5 /* Assets.xcassets in Resources */,
				939492E72B8BB62A0019C9E5 /* waitForInspection.mp3 in Resources */,
			);
			runOnlyForDeploymentPostprocessing = 0;
		};
/* End PBXResourcesBuildPhase section */

/* Begin PBXSourcesBuildPhase section */
		939492C12B8B6DE30019C9E5 /* Sources */ = {
			isa = PBXSourcesBuildPhase;
			buildActionMask = 2147483647;
			files = (
				83361ED42B8FCA4D0089B169 /* UIViewController+Ext.swift in Sources */,
				83361ECA2B8D0D810089B169 /* NetworkManager.swift in Sources */,
				31472B662B8D28C80068D848 /* Amount.swift in Sources */,
				B690CCA42B944AD700FAF4E2 /* FriendCallingViewController.swift in Sources */,
				83361EC22B8D0D630089B169 /* String+Ext.swift in Sources */,
				939492F02B8BC6B20019C9E5 /* GameViewController.swift in Sources */,
				31472B682B8D294B0068D848 /* SumOfAward.swift in Sources */,
				83361ED22B8FC9430089B169 /* CustomAnswersButton.swift in Sources */,
				939492CD2B8B6DE30019C9E5 /* MainViewController.swift in Sources */,
				83361EC72B8D0D770089B169 /* Content.swift in Sources */,
				B68B17212B8F810D009FB5F0 /* SoundManager.swift in Sources */,
				B60D80ED2B8DC3C000236CC6 /* UIKit + Extensions.swift in Sources */,
				83361EDC2B8FD0A00089B169 /* CustomButton.swift in Sources */,
				939492F52B8BC7490019C9E5 /* ResultViewController.swift in Sources */,
				939492C92B8B6DE30019C9E5 /* AppDelegate.swift in Sources */,
				B60D80E72B8D96F300236CC6 /* UIcolor + Hex.swift in Sources */,
				83361EC62B8D0D770089B169 /* Question.swift in Sources */,
				939492F22B8BC7030019C9E5 /* AmountViewController.swift in Sources */,
				939492EE2B8BC6A10019C9E5 /* RulesViewController.swift in Sources */,
				83361EBF2B8D0D530089B169 /* MError.swift in Sources */,
				939492CB2B8B6DE30019C9E5 /* SceneDelegate.swift in Sources */,
				31472B6A2B8D457F0068D848 /* CustomAwardCell.swift in Sources */,
			);
			runOnlyForDeploymentPostprocessing = 0;
		};
/* End PBXSourcesBuildPhase section */

/* Begin PBXVariantGroup section */
		939492D32B8B6DE70019C9E5 /* LaunchScreen.storyboard */ = {
			isa = PBXVariantGroup;
			children = (
				939492D42B8B6DE70019C9E5 /* Base */,
			);
			name = LaunchScreen.storyboard;
			sourceTree = "<group>";
		};
/* End PBXVariantGroup section */

/* Begin XCBuildConfiguration section */
		939492D72B8B6DE70019C9E5 /* Debug */ = {
			isa = XCBuildConfiguration;
			buildSettings = {
				ALWAYS_SEARCH_USER_PATHS = NO;
				ASSETCATALOG_COMPILER_GENERATE_SWIFT_ASSET_SYMBOL_EXTENSIONS = YES;
				CLANG_ANALYZER_NONNULL = YES;
				CLANG_ANALYZER_NUMBER_OBJECT_CONVERSION = YES_AGGRESSIVE;
				CLANG_CXX_LANGUAGE_STANDARD = "gnu++20";
				CLANG_ENABLE_MODULES = YES;
				CLANG_ENABLE_OBJC_ARC = YES;
				CLANG_ENABLE_OBJC_WEAK = YES;
				CLANG_WARN_BLOCK_CAPTURE_AUTORELEASING = YES;
				CLANG_WARN_BOOL_CONVERSION = YES;
				CLANG_WARN_COMMA = YES;
				CLANG_WARN_CONSTANT_CONVERSION = YES;
				CLANG_WARN_DEPRECATED_OBJC_IMPLEMENTATIONS = YES;
				CLANG_WARN_DIRECT_OBJC_ISA_USAGE = YES_ERROR;
				CLANG_WARN_DOCUMENTATION_COMMENTS = YES;
				CLANG_WARN_EMPTY_BODY = YES;
				CLANG_WARN_ENUM_CONVERSION = YES;
				CLANG_WARN_INFINITE_RECURSION = YES;
				CLANG_WARN_INT_CONVERSION = YES;
				CLANG_WARN_NON_LITERAL_NULL_CONVERSION = YES;
				CLANG_WARN_OBJC_IMPLICIT_RETAIN_SELF = YES;
				CLANG_WARN_OBJC_LITERAL_CONVERSION = YES;
				CLANG_WARN_OBJC_ROOT_CLASS = YES_ERROR;
				CLANG_WARN_QUOTED_INCLUDE_IN_FRAMEWORK_HEADER = YES;
				CLANG_WARN_RANGE_LOOP_ANALYSIS = YES;
				CLANG_WARN_STRICT_PROTOTYPES = YES;
				CLANG_WARN_SUSPICIOUS_MOVE = YES;
				CLANG_WARN_UNGUARDED_AVAILABILITY = YES_AGGRESSIVE;
				CLANG_WARN_UNREACHABLE_CODE = YES;
				CLANG_WARN__DUPLICATE_METHOD_MATCH = YES;
				COPY_PHASE_STRIP = NO;
				DEBUG_INFORMATION_FORMAT = dwarf;
				ENABLE_STRICT_OBJC_MSGSEND = YES;
				ENABLE_TESTABILITY = YES;
				ENABLE_USER_SCRIPT_SANDBOXING = YES;
				GCC_C_LANGUAGE_STANDARD = gnu17;
				GCC_DYNAMIC_NO_PIC = NO;
				GCC_NO_COMMON_BLOCKS = YES;
				GCC_OPTIMIZATION_LEVEL = 0;
				GCC_PREPROCESSOR_DEFINITIONS = (
					"DEBUG=1",
					"$(inherited)",
				);
				GCC_WARN_64_TO_32_BIT_CONVERSION = YES;
				GCC_WARN_ABOUT_RETURN_TYPE = YES_ERROR;
				GCC_WARN_UNDECLARED_SELECTOR = YES;
				GCC_WARN_UNINITIALIZED_AUTOS = YES_AGGRESSIVE;
				GCC_WARN_UNUSED_FUNCTION = YES;
				GCC_WARN_UNUSED_VARIABLE = YES;
				IPHONEOS_DEPLOYMENT_TARGET = 17.2;
				LOCALIZATION_PREFERS_STRING_CATALOGS = YES;
				MTL_ENABLE_DEBUG_INFO = INCLUDE_SOURCE;
				MTL_FAST_MATH = YES;
				ONLY_ACTIVE_ARCH = YES;
				SDKROOT = iphoneos;
				SWIFT_ACTIVE_COMPILATION_CONDITIONS = "DEBUG $(inherited)";
				SWIFT_OPTIMIZATION_LEVEL = "-Onone";
			};
			name = Debug;
		};
		939492D82B8B6DE70019C9E5 /* Release */ = {
			isa = XCBuildConfiguration;
			buildSettings = {
				ALWAYS_SEARCH_USER_PATHS = NO;
				ASSETCATALOG_COMPILER_GENERATE_SWIFT_ASSET_SYMBOL_EXTENSIONS = YES;
				CLANG_ANALYZER_NONNULL = YES;
				CLANG_ANALYZER_NUMBER_OBJECT_CONVERSION = YES_AGGRESSIVE;
				CLANG_CXX_LANGUAGE_STANDARD = "gnu++20";
				CLANG_ENABLE_MODULES = YES;
				CLANG_ENABLE_OBJC_ARC = YES;
				CLANG_ENABLE_OBJC_WEAK = YES;
				CLANG_WARN_BLOCK_CAPTURE_AUTORELEASING = YES;
				CLANG_WARN_BOOL_CONVERSION = YES;
				CLANG_WARN_COMMA = YES;
				CLANG_WARN_CONSTANT_CONVERSION = YES;
				CLANG_WARN_DEPRECATED_OBJC_IMPLEMENTATIONS = YES;
				CLANG_WARN_DIRECT_OBJC_ISA_USAGE = YES_ERROR;
				CLANG_WARN_DOCUMENTATION_COMMENTS = YES;
				CLANG_WARN_EMPTY_BODY = YES;
				CLANG_WARN_ENUM_CONVERSION = YES;
				CLANG_WARN_INFINITE_RECURSION = YES;
				CLANG_WARN_INT_CONVERSION = YES;
				CLANG_WARN_NON_LITERAL_NULL_CONVERSION = YES;
				CLANG_WARN_OBJC_IMPLICIT_RETAIN_SELF = YES;
				CLANG_WARN_OBJC_LITERAL_CONVERSION = YES;
				CLANG_WARN_OBJC_ROOT_CLASS = YES_ERROR;
				CLANG_WARN_QUOTED_INCLUDE_IN_FRAMEWORK_HEADER = YES;
				CLANG_WARN_RANGE_LOOP_ANALYSIS = YES;
				CLANG_WARN_STRICT_PROTOTYPES = YES;
				CLANG_WARN_SUSPICIOUS_MOVE = YES;
				CLANG_WARN_UNGUARDED_AVAILABILITY = YES_AGGRESSIVE;
				CLANG_WARN_UNREACHABLE_CODE = YES;
				CLANG_WARN__DUPLICATE_METHOD_MATCH = YES;
				COPY_PHASE_STRIP = NO;
				DEBUG_INFORMATION_FORMAT = "dwarf-with-dsym";
				ENABLE_NS_ASSERTIONS = NO;
				ENABLE_STRICT_OBJC_MSGSEND = YES;
				ENABLE_USER_SCRIPT_SANDBOXING = YES;
				GCC_C_LANGUAGE_STANDARD = gnu17;
				GCC_NO_COMMON_BLOCKS = YES;
				GCC_WARN_64_TO_32_BIT_CONVERSION = YES;
				GCC_WARN_ABOUT_RETURN_TYPE = YES_ERROR;
				GCC_WARN_UNDECLARED_SELECTOR = YES;
				GCC_WARN_UNINITIALIZED_AUTOS = YES_AGGRESSIVE;
				GCC_WARN_UNUSED_FUNCTION = YES;
				GCC_WARN_UNUSED_VARIABLE = YES;
				IPHONEOS_DEPLOYMENT_TARGET = 17.2;
				LOCALIZATION_PREFERS_STRING_CATALOGS = YES;
				MTL_ENABLE_DEBUG_INFO = NO;
				MTL_FAST_MATH = YES;
				SDKROOT = iphoneos;
				SWIFT_COMPILATION_MODE = wholemodule;
				VALIDATE_PRODUCT = YES;
			};
			name = Release;
		};
		939492DA2B8B6DE70019C9E5 /* Debug */ = {
			isa = XCBuildConfiguration;
			buildSettings = {
				ASSETCATALOG_COMPILER_APPICON_NAME = AppIcon;
				ASSETCATALOG_COMPILER_GLOBAL_ACCENT_COLOR_NAME = AccentColor;
				CODE_SIGN_STYLE = Automatic;
				CURRENT_PROJECT_VERSION = 1;
				DEVELOPMENT_TEAM = 7PMP3UQ276;
				GENERATE_INFOPLIST_FILE = YES;
				INFOPLIST_FILE = Millionaire/Info.plist;
				INFOPLIST_KEY_UIApplicationSupportsIndirectInputEvents = YES;
				INFOPLIST_KEY_UILaunchStoryboardName = LaunchScreen;
				INFOPLIST_KEY_UISupportedInterfaceOrientations = UIInterfaceOrientationPortrait;
				INFOPLIST_KEY_UISupportedInterfaceOrientations_iPad = "UIInterfaceOrientationLandscapeLeft UIInterfaceOrientationLandscapeRight UIInterfaceOrientationPortrait UIInterfaceOrientationPortraitUpsideDown";
				IPHONEOS_DEPLOYMENT_TARGET = 15.0;
				LD_RUNPATH_SEARCH_PATHS = (
					"$(inherited)",
					"@executable_path/Frameworks",
				);
				MARKETING_VERSION = 1.0;
				PRODUCT_BUNDLE_IDENTIFIER = ru.swiftbook.Millionaire;
				PRODUCT_NAME = "$(TARGET_NAME)";
				SUPPORTED_PLATFORMS = "iphoneos iphonesimulator";
				SUPPORTS_MACCATALYST = NO;
				SUPPORTS_MAC_DESIGNED_FOR_IPHONE_IPAD = NO;
				SUPPORTS_XR_DESIGNED_FOR_IPHONE_IPAD = NO;
				SWIFT_EMIT_LOC_STRINGS = YES;
				SWIFT_VERSION = 5.0;
				TARGETED_DEVICE_FAMILY = 1;
			};
			name = Debug;
		};
		939492DB2B8B6DE70019C9E5 /* Release */ = {
			isa = XCBuildConfiguration;
			buildSettings = {
				ASSETCATALOG_COMPILER_APPICON_NAME = AppIcon;
				ASSETCATALOG_COMPILER_GLOBAL_ACCENT_COLOR_NAME = AccentColor;
				CODE_SIGN_STYLE = Automatic;
				CURRENT_PROJECT_VERSION = 1;
				DEVELOPMENT_TEAM = 7PMP3UQ276;
				GENERATE_INFOPLIST_FILE = YES;
				INFOPLIST_FILE = Millionaire/Info.plist;
				INFOPLIST_KEY_UIApplicationSupportsIndirectInputEvents = YES;
				INFOPLIST_KEY_UILaunchStoryboardName = LaunchScreen;
				INFOPLIST_KEY_UISupportedInterfaceOrientations = UIInterfaceOrientationPortrait;
				INFOPLIST_KEY_UISupportedInterfaceOrientations_iPad = "UIInterfaceOrientationLandscapeLeft UIInterfaceOrientationLandscapeRight UIInterfaceOrientationPortrait UIInterfaceOrientationPortraitUpsideDown";
				IPHONEOS_DEPLOYMENT_TARGET = 15.0;
				LD_RUNPATH_SEARCH_PATHS = (
					"$(inherited)",
					"@executable_path/Frameworks",
				);
				MARKETING_VERSION = 1.0;
				PRODUCT_BUNDLE_IDENTIFIER = ru.swiftbook.Millionaire;
				PRODUCT_NAME = "$(TARGET_NAME)";
				SUPPORTED_PLATFORMS = "iphoneos iphonesimulator";
				SUPPORTS_MACCATALYST = NO;
				SUPPORTS_MAC_DESIGNED_FOR_IPHONE_IPAD = NO;
				SUPPORTS_XR_DESIGNED_FOR_IPHONE_IPAD = NO;
				SWIFT_EMIT_LOC_STRINGS = YES;
				SWIFT_VERSION = 5.0;
				TARGETED_DEVICE_FAMILY = 1;
			};
			name = Release;
		};
/* End XCBuildConfiguration section */

/* Begin XCConfigurationList section */
		939492C02B8B6DE30019C9E5 /* Build configuration list for PBXProject "Millionaire" */ = {
			isa = XCConfigurationList;
			buildConfigurations = (
				939492D72B8B6DE70019C9E5 /* Debug */,
				939492D82B8B6DE70019C9E5 /* Release */,
			);
			defaultConfigurationIsVisible = 0;
			defaultConfigurationName = Release;
		};
		939492D92B8B6DE70019C9E5 /* Build configuration list for PBXNativeTarget "Millionaire" */ = {
			isa = XCConfigurationList;
			buildConfigurations = (
				939492DA2B8B6DE70019C9E5 /* Debug */,
				939492DB2B8B6DE70019C9E5 /* Release */,
			);
			defaultConfigurationIsVisible = 0;
			defaultConfigurationName = Release;
		};
/* End XCConfigurationList section */

/* Begin XCRemoteSwiftPackageReference section */
		B6B10ADE2B8CB01900CB3F23 /* XCRemoteSwiftPackageReference "SnapKit" */ = {
			isa = XCRemoteSwiftPackageReference;
			repositoryURL = "https://github.com/SnapKit/SnapKit.git";
			requirement = {
				kind = versionRange;
				maximumVersion = 6.0.0;
				minimumVersion = 5.0.0;
			};
		};
/* End XCRemoteSwiftPackageReference section */

/* Begin XCSwiftPackageProductDependency section */
		B6B10ADF2B8CB01900CB3F23 /* SnapKit */ = {
			isa = XCSwiftPackageProductDependency;
			package = B6B10ADE2B8CB01900CB3F23 /* XCRemoteSwiftPackageReference "SnapKit" */;
			productName = SnapKit;
		};
/* End XCSwiftPackageProductDependency section */
	};
	rootObject = 939492BD2B8B6DE30019C9E5 /* Project object */;
}
